
Microsoft Visual Studio Solution File, Format Version 12.00
# Visual Studio Version 17
VisualStudioVersion = 17.0.32014.148
MinimumVisualStudioVersion = 10.0.40219.1
Project("{FAE04EC0-301F-11D3-BF4B-00C04F79EFBC}") = "film-app-magisterka", "film-app-magisterka\film-app-magisterka.csproj", "{1C8E14DA-DD31-4EEC-B701-659BE926EE70}"
EndProject
Global
	GlobalSection(SolutionConfigurationPlatforms) = preSolution
		Debug|Any CPU = Debug|Any CPU
		Release|Any CPU = Release|Any CPU
	EndGlobalSection
	GlobalSection(ProjectConfigurationPlatforms) = postSolution
		{1C8E14DA-DD31-4EEC-B701-659BE926EE70}.Debug|Any CPU.ActiveCfg = Debug|Any CPU
		{1C8E14DA-DD31-4EEC-B701-659BE926EE70}.Debug|Any CPU.Build.0 = Debug|Any CPU
		{1C8E14DA-DD31-4EEC-B701-659BE926EE70}.Release|Any CPU.ActiveCfg = Release|Any CPU
		{1C8E14DA-DD31-4EEC-B701-659BE926EE70}.Release|Any CPU.Build.0 = Release|Any CPU
	EndGlobalSection
	GlobalSection(SolutionProperties) = preSolution
		HideSolutionNode = FALSE
	EndGlobalSection
	GlobalSection(ExtensibilityGlobals) = postSolution
		SolutionGuid = {46352F9A-3F69-4F12-BB18-BFDA5D63958E}
	EndGlobalSection
EndGlobal
